
Microsoft Visual Studio Solution File, Format Version 12.00
# Visual Studio Version 17
VisualStudioVersion = 17.11.35222.181
MinimumVisualStudioVersion = 10.0.40219.1
Project("{9A19103F-16F7-4668-BE54-9A1E7A4F7556}") = "Restaurant.API", "Restaurant.API\Restaurant.API.csproj", "{67AC3F28-B3F0-483A-B224-E2AA8B301E0F}"
EndProject
Project("{FAE04EC0-301F-11D3-BF4B-00C04F79EFBC}") = "Restaurant.Domain", "Restaurant.Domain\Restaurant.Domain.csproj", "{0DD5B528-0F3C-42D2-8F8D-F99572B47739}"
EndProject
Project("{FAE04EC0-301F-11D3-BF4B-00C04F79EFBC}") = "Restaurant.Infrastructure", "Infrastructure\Restaurant.Infrastructure.csproj", "{645BD168-C983-427E-A542-572275525DAD}"
EndProject
Project("{FAE04EC0-301F-11D3-BF4B-00C04F79EFBC}") = "Restaurant.Application", "Restaurant.Application\Restaurant.Application.csproj", "{519523EC-EB5A-42BC-B9F4-181BC7A1B4C0}"
EndProject
Global
	GlobalSection(SolutionConfigurationPlatforms) = preSolution
		Debug|Any CPU = Debug|Any CPU
		Release|Any CPU = Release|Any CPU
	EndGlobalSection
	GlobalSection(ProjectConfigurationPlatforms) = postSolution
		{67AC3F28-B3F0-483A-B224-E2AA8B301E0F}.Debug|Any CPU.ActiveCfg = Debug|Any CPU
		{67AC3F28-B3F0-483A-B224-E2AA8B301E0F}.Debug|Any CPU.Build.0 = Debug|Any CPU
		{67AC3F28-B3F0-483A-B224-E2AA8B301E0F}.Release|Any CPU.ActiveCfg = Release|Any CPU
		{67AC3F28-B3F0-483A-B224-E2AA8B301E0F}.Release|Any CPU.Build.0 = Release|Any CPU
		{0DD5B528-0F3C-42D2-8F8D-F99572B47739}.Debug|Any CPU.ActiveCfg = Debug|Any CPU
		{0DD5B528-0F3C-42D2-8F8D-F99572B47739}.Debug|Any CPU.Build.0 = Debug|Any CPU
		{0DD5B528-0F3C-42D2-8F8D-F99572B47739}.Release|Any CPU.ActiveCfg = Release|Any CPU
		{0DD5B528-0F3C-42D2-8F8D-F99572B47739}.Release|Any CPU.Build.0 = Release|Any CPU
		{645BD168-C983-427E-A542-572275525DAD}.Debug|Any CPU.ActiveCfg = Debug|Any CPU
		{645BD168-C983-427E-A542-572275525DAD}.Debug|Any CPU.Build.0 = Debug|Any CPU
		{645BD168-C983-427E-A542-572275525DAD}.Release|Any CPU.ActiveCfg = Release|Any CPU
		{645BD168-C983-427E-A542-572275525DAD}.Release|Any CPU.Build.0 = Release|Any CPU
		{519523EC-EB5A-42BC-B9F4-181BC7A1B4C0}.Debug|Any CPU.ActiveCfg = Debug|Any CPU
		{519523EC-EB5A-42BC-B9F4-181BC7A1B4C0}.Debug|Any CPU.Build.0 = Debug|Any CPU
		{519523EC-EB5A-42BC-B9F4-181BC7A1B4C0}.Release|Any CPU.ActiveCfg = Release|Any CPU
		{519523EC-EB5A-42BC-B9F4-181BC7A1B4C0}.Release|Any CPU.Build.0 = Release|Any CPU
	EndGlobalSection
	GlobalSection(SolutionProperties) = preSolution
		HideSolutionNode = FALSE
	EndGlobalSection
	GlobalSection(ExtensibilityGlobals) = postSolution
		SolutionGuid = {E6DE3B3E-4F74-4882-9DFB-961F3F5C3D40}
	EndGlobalSection
EndGlobal
